
Microsoft Visual Studio Solution File, Format Version 12.00
# Visual Studio Version 17
VisualStudioVersion = 17.4.33205.214
MinimumVisualStudioVersion = 10.0.40219.1
Project("{FAE04EC0-301F-11D3-BF4B-00C04F79EFBC}") = "HelloAutoComplete", "HelloAutoComplete\HelloAutoComplete.csproj", "{1D547A4E-50C0-4E82-A714-EFF6124565B6}"
EndProject
Global
	GlobalSection(SolutionConfigurationPlatforms) = preSolution
		Debug|Any CPU = Debug|Any CPU
		Release|Any CPU = Release|Any CPU
	EndGlobalSection
	GlobalSection(ProjectConfigurationPlatforms) = postSolution
		{1D547A4E-50C0-4E82-A714-EFF6124565B6}.Debug|Any CPU.ActiveCfg = Debug|Any CPU
		{1D547A4E-50C0-4E82-A714-EFF6124565B6}.Debug|Any CPU.Build.0 = Debug|Any CPU
		{1D547A4E-50C0-4E82-A714-EFF6124565B6}.Debug|Any CPU.Deploy.0 = Debug|Any CPU
		{1D547A4E-50C0-4E82-A714-EFF6124565B6}.Release|Any CPU.ActiveCfg = Release|Any CPU
		{1D547A4E-50C0-4E82-A714-EFF6124565B6}.Release|Any CPU.Build.0 = Release|Any CPU
		{1D547A4E-50C0-4E82-A714-EFF6124565B6}.Release|Any CPU.Deploy.0 = Release|Any CPU
	EndGlobalSection
	GlobalSection(SolutionProperties) = preSolution
		HideSolutionNode = FALSE
	EndGlobalSection
	GlobalSection(ExtensibilityGlobals) = postSolution
		SolutionGuid = {9E24D4A7-0A9C-43D4-A8E6-CB35711CEC8A}
	EndGlobalSection
EndGlobal
